{
  "name": "cf-typography",
  "version": "4.1.2",
  "lockfileVersion": 1,
  "requires": true,
  "dependencies": {
    "cf-core": {
      "version": "4.2.0",
      "resolved": "https://registry.npmjs.org/cf-core/-/cf-core-4.2.0.tgz",
      "integrity": "sha1-KfIYgiy2LC7LdCmvVA721kYJOwo=",
      "requires": {
        "normalize-css": "https://registry.npmjs.org/normalize-css/-/normalize-css-2.3.1.tgz",
        "normalize-legacy-addon": "https://registry.npmjs.org/normalize-legacy-addon/-/normalize-legacy-addon-0.1.0.tgz"
      }
    },
    "cf-icons": {
      "version": "4.1.1",
      "resolved": "https://registry.npmjs.org/cf-icons/-/cf-icons-4.1.1.tgz",
      "integrity": "sha1-xM7qiz7Ue5jgGU/0uT7WcTKuLjM=",
      "requires": {
        "cf-core": "4.2.0"
      }
    },
    "insert-css": {
      "version": "https://registry.npmjs.org/insert-css/-/insert-css-0.0.0.tgz",
      "integrity": "sha1-IwS/pviTq+y4/5yo2cdgXZTPKRE="
    },
    "normalize-css": {
      "version": "https://registry.npmjs.org/normalize-css/-/normalize-css-2.3.1.tgz",
      "integrity": "sha1-/APjuR46Uap6GDa657K2rG1R4VY=",
      "requires": {
        "insert-css": "https://registry.npmjs.org/insert-css/-/insert-css-0.0.0.tgz"
      }
    },
    "normalize-legacy-addon": {
      "version": "https://registry.npmjs.org/normalize-legacy-addon/-/normalize-legacy-addon-0.1.0.tgz",
      "integrity": "sha1-jKEx6FA5Q6Op5NDXDMDoCiekDJ4="
    }
  }
}
