{
  "name": "cf-grid",
  "version": "4.1.1",
  "lockfileVersion": 1,
  "dependencies": {
    "insert-css": {
      "version": "0.0.0",
      "resolved": "https://registry.npmjs.org/insert-css/-/insert-css-0.0.0.tgz",
      "integrity": "sha1-IwS/pviTq+y4/5yo2cdgXZTPKRE="
    },
    "normalize-css": {
      "version": "2.3.1",
      "resolved": "https://registry.npmjs.org/normalize-css/-/normalize-css-2.3.1.tgz",
      "integrity": "sha1-/APjuR46Uap6GDa657K2rG1R4VY="
    },
    "normalize-legacy-addon": {
      "version": "0.1.0",
      "resolved": "https://registry.npmjs.org/normalize-legacy-addon/-/normalize-legacy-addon-0.1.0.tgz",
      "integrity": "sha1-jKEx6FA5Q6Op5NDXDMDoCiekDJ4="
    }
  }
}
